{
  "version": 4,
  "terraform_version": "1.4.0",
  "serial": 12,
  "lineage": "113cbfbe-7b90-3244-4d54-8224d2cdf2a9",
  "outputs": {
    "access_key": {
      "value": "YCAJE4pxUmfU9B9UqoH0nReX4",
      "type": "string",
      "sensitive": true
    },
    "external_ip_address_vm_1": {
      "value": "158.160.34.235",
      "type": "string"
    },
    "external_ip_address_vm_2": {
      "value": "51.250.84.128",
      "type": "string"
    },
    "internal_ip_address_vm_1": {
      "value": "192.168.15.27",
      "type": "string"
    },
    "internal_ip_address_vm_2": {
      "value": "192.168.16.15",
      "type": "string"
    },
    "secret_key": {
      "value": "YCNAqHhqrUdp5J4-jn7tRPYhjAt503nOl8B1blRV",
      "type": "string",
      "sensitive": true
    }
  },
  "resources": [
    {
      "mode": "managed",
      "type": "yandex_iam_service_account",
      "name": "sa",
      "provider": "provider[\"registry.terraform.io/yandex-cloud/yandex\"]",
      "instances": [
        {
          "schema_version": 0,
          "attributes": {
            "created_at": "2023-02-02T15:18:35Z",
            "description": "",
            "folder_id": "b1gtv6t2104oglbvpco8",
            "id": "ajegf5ga8pv2rog4uu02",
            "name": "sa-razdobarov",
            "timeouts": null
          },
          "sensitive_attributes": [],
          "private": "eyJlMmJmYjczMC1lY2FhLTExZTYtOGY4OC0zNDM2M2JjN2M0YzAiOnsiY3JlYXRlIjo2MDAwMDAwMDAwMCwiZGVsZXRlIjo2MDAwMDAwMDAwMCwidXBkYXRlIjo2MDAwMDAwMDAwMH19"
        }
      ]
    },
    {
      "mode": "managed",
      "type": "yandex_iam_service_account_static_access_key",
      "name": "sa-static-key",
      "provider": "provider[\"registry.terraform.io/yandex-cloud/yandex\"]",
      "instances": [
        {
          "schema_version": 0,
          "attributes": {
            "access_key": "YCAJE4pxUmfU9B9UqoH0nReX4",
            "created_at": "2023-02-02T15:18:36Z",
            "description": "static access key for object storage",
            "encrypted_secret_key": null,
            "id": "aje65dk8tqj7hu3fe42v",
            "key_fingerprint": null,
            "pgp_key": null,
            "secret_key": "YCNAqHhqrUdp5J4-jn7tRPYhjAt503nOl8B1blRV",
            "service_account_id": "ajegf5ga8pv2rog4uu02"
          },
          "sensitive_attributes": [],
          "private": "bnVsbA==",
          "dependencies": [
            "yandex_iam_service_account.sa"
          ]
        }
      ]
    },
    {
      "mode": "managed",
      "type": "yandex_resourcemanager_folder_iam_member",
      "name": "sa-editor",
      "provider": "provider[\"registry.terraform.io/yandex-cloud/yandex\"]",
      "instances": [
        {
          "schema_version": 0,
          "attributes": {
            "folder_id": "b1gtv6t2104oglbvpco8",
            "id": "b1gtv6t2104oglbvpco8/storage.editor/serviceAccount:ajegf5ga8pv2rog4uu02",
            "member": "serviceAccount:ajegf5ga8pv2rog4uu02",
            "role": "storage.editor",
            "sleep_after": null
          },
          "sensitive_attributes": [],
          "private": "bnVsbA==",
          "dependencies": [
            "yandex_iam_service_account.sa"
          ]
        }
      ]
    },
    {
      "mode": "managed",
      "type": "yandex_storage_bucket",
      "name": "state",
      "provider": "provider[\"registry.terraform.io/yandex-cloud/yandex\"]",
      "instances": [
        {
          "schema_version": 0,
          "attributes": {
            "access_key": "YCAJE4pxUmfU9B9UqoH0nReX4",
            "acl": "private",
            "anonymous_access_flags": [
              {
                "list": false,
                "read": false
              }
            ],
            "bucket": "tf-state-bucket-razdobarov",
            "bucket_domain_name": "tf-state-bucket-razdobarov.storage.yandexcloud.net",
            "bucket_prefix": null,
            "cors_rule": [],
            "default_storage_class": "STANDARD",
            "folder_id": "b1gtv6t2104oglbvpco8",
            "force_destroy": false,
            "grant": [],
            "https": [],
            "id": "tf-state-bucket-razdobarov",
            "lifecycle_rule": [],
            "logging": [],
            "max_size": 0,
            "policy": "",
            "secret_key": "YCNAqHhqrUdp5J4-jn7tRPYhjAt503nOl8B1blRV",
            "server_side_encryption_configuration": [],
            "versioning": [
              {
                "enabled": false
              }
            ],
            "website": [],
            "website_domain": null,
            "website_endpoint": null
          },
          "sensitive_attributes": [
            [
              {
                "type": "get_attr",
                "value": "secret_key"
              }
            ]
          ],
          "private": "bnVsbA==",
          "dependencies": [
            "yandex_iam_service_account.sa",
            "yandex_iam_service_account_static_access_key.sa-static-key"
          ]
        }
      ]
    },
    {
      "mode": "managed",
      "type": "yandex_vpc_network",
      "name": "network",
      "provider": "provider[\"registry.terraform.io/yandex-cloud/yandex\"]",
      "instances": [
        {
          "schema_version": 0,
          "attributes": {
            "created_at": "2023-02-02T15:18:35Z",
            "default_security_group_id": "",
            "description": "",
            "folder_id": "b1gtv6t2104oglbvpco8",
            "id": "enp58vq64odf7usvvs9p",
            "labels": {},
            "name": "network",
            "subnet_ids": [],
            "timeouts": null
          },
          "sensitive_attributes": [],
          "private": "eyJlMmJmYjczMC1lY2FhLTExZTYtOGY4OC0zNDM2M2JjN2M0YzAiOnsiY3JlYXRlIjo2MDAwMDAwMDAwMCwiZGVsZXRlIjo2MDAwMDAwMDAwMCwidXBkYXRlIjo2MDAwMDAwMDAwMH19"
        }
      ]
    },
    {
      "mode": "managed",
      "type": "yandex_vpc_subnet",
      "name": "subnet1",
      "provider": "provider[\"registry.terraform.io/yandex-cloud/yandex\"]",
      "instances": [
        {
          "schema_version": 0,
          "attributes": {
            "created_at": "2023-02-02T15:18:36Z",
            "description": "",
            "dhcp_options": [],
            "folder_id": "b1gtv6t2104oglbvpco8",
            "id": "e9b9o1e5388u8dv861bm",
            "labels": {},
            "name": "subnet1",
            "network_id": "enp58vq64odf7usvvs9p",
            "route_table_id": "",
            "timeouts": null,
            "v4_cidr_blocks": [
              "192.168.15.0/24"
            ],
            "v6_cidr_blocks": [],
            "zone": "ru-central1-a"
          },
          "sensitive_attributes": [],
          "private": "eyJlMmJmYjczMC1lY2FhLTExZTYtOGY4OC0zNDM2M2JjN2M0YzAiOnsiY3JlYXRlIjoxODAwMDAwMDAwMDAsImRlbGV0ZSI6MTgwMDAwMDAwMDAwLCJ1cGRhdGUiOjE4MDAwMDAwMDAwMH19",
          "dependencies": [
            "yandex_vpc_network.network"
          ]
        }
      ]
    },
    {
      "mode": "managed",
      "type": "yandex_vpc_subnet",
      "name": "subnet2",
      "provider": "provider[\"registry.terraform.io/yandex-cloud/yandex\"]",
      "instances": [
        {
          "schema_version": 0,
          "attributes": {
            "created_at": "2023-02-02T15:18:36Z",
            "description": "",
            "dhcp_options": [],
            "folder_id": "b1gtv6t2104oglbvpco8",
            "id": "e9bvj29s9lmebm1lq51j",
            "labels": {},
            "name": "subnet2",
            "network_id": "enp58vq64odf7usvvs9p",
            "route_table_id": "",
            "timeouts": null,
            "v4_cidr_blocks": [
              "192.168.16.0/24"
            ],
            "v6_cidr_blocks": [],
            "zone": "ru-central1-a"
          },
          "sensitive_attributes": [],
          "private": "eyJlMmJmYjczMC1lY2FhLTExZTYtOGY4OC0zNDM2M2JjN2M0YzAiOnsiY3JlYXRlIjoxODAwMDAwMDAwMDAsImRlbGV0ZSI6MTgwMDAwMDAwMDAwLCJ1cGRhdGUiOjE4MDAwMDAwMDAwMH19",
          "dependencies": [
            "yandex_vpc_network.network"
          ]
        }
      ]
    },
    {
      "module": "module.lb_test",
      "mode": "managed",
      "type": "yandex_lb_network_load_balancer",
      "name": "lb-test",
      "provider": "provider[\"registry.terraform.io/yandex-cloud/yandex\"]",
      "instances": [
        {
          "schema_version": 0,
          "attributes": {
            "attached_target_group": [
              {
                "healthcheck": [
                  {
                    "healthy_threshold": 2,
                    "http_options": [
                      {
                        "path": "/",
                        "port": 80
                      }
                    ],
                    "interval": 2,
                    "name": "http",
                    "tcp_options": [],
                    "timeout": 1,
                    "unhealthy_threshold": 2
                  }
                ],
                "target_group_id": "enp2716q7spcar5gsoam"
              }
            ],
            "created_at": "2023-02-02T15:19:43Z",
            "description": "",
            "folder_id": "b1gtv6t2104oglbvpco8",
            "id": "enpte90mqt4lig26k9i0",
            "labels": null,
            "listener": [
              {
                "external_address_spec": [
                  {
                    "address": "51.250.36.84",
                    "ip_version": "ipv4"
                  }
                ],
                "internal_address_spec": [],
                "name": "listener-web-servers",
                "port": 80,
                "protocol": "tcp",
                "target_port": 80
              }
            ],
            "name": "lb-test",
            "region_id": "ru-central1",
            "timeouts": null,
            "type": "external"
          },
          "sensitive_attributes": [],
          "private": "eyJlMmJmYjczMC1lY2FhLTExZTYtOGY4OC0zNDM2M2JjN2M0YzAiOnsiY3JlYXRlIjozMDAwMDAwMDAwMDAsImRlbGV0ZSI6MzAwMDAwMDAwMDAwLCJ1cGRhdGUiOjMwMDAwMDAwMDAwMH19",
          "dependencies": [
            "module.lb_test.yandex_lb_target_group.vm-servers",
            "module.ya_instance_1.data.yandex_compute_image.my_image",
            "module.ya_instance_1.yandex_compute_instance.vm",
            "module.ya_instance_2.data.yandex_compute_image.my_image",
            "module.ya_instance_2.yandex_compute_instance.vm",
            "yandex_vpc_network.network",
            "yandex_vpc_subnet.subnet1",
            "yandex_vpc_subnet.subnet2"
          ]
        }
      ]
    },
    {
      "module": "module.lb_test",
      "mode": "managed",
      "type": "yandex_lb_target_group",
      "name": "vm-servers",
      "provider": "provider[\"registry.terraform.io/yandex-cloud/yandex\"]",
      "instances": [
        {
          "schema_version": 0,
          "attributes": {
            "created_at": "2023-02-02T15:19:40Z",
            "description": "",
            "folder_id": "b1gtv6t2104oglbvpco8",
            "id": "enp2716q7spcar5gsoam",
            "labels": null,
            "name": "vm-servers-target-group",
            "region_id": "ru-central1",
            "target": [
              {
                "address": "192.168.15.27",
                "subnet_id": "e9b9o1e5388u8dv861bm"
              },
              {
                "address": "192.168.16.15",
                "subnet_id": "e9bvj29s9lmebm1lq51j"
              }
            ],
            "timeouts": null
          },
          "sensitive_attributes": [],
          "private": "eyJlMmJmYjczMC1lY2FhLTExZTYtOGY4OC0zNDM2M2JjN2M0YzAiOnsiY3JlYXRlIjozMDAwMDAwMDAwMDAsImRlbGV0ZSI6MzAwMDAwMDAwMDAwLCJ1cGRhdGUiOjMwMDAwMDAwMDAwMH19",
          "dependencies": [
            "module.ya_instance_1.data.yandex_compute_image.my_image",
            "module.ya_instance_1.yandex_compute_instance.vm",
            "module.ya_instance_2.data.yandex_compute_image.my_image",
            "module.ya_instance_2.yandex_compute_instance.vm",
            "yandex_vpc_network.network",
            "yandex_vpc_subnet.subnet1",
            "yandex_vpc_subnet.subnet2"
          ]
        }
      ]
    },
    {
      "module": "module.ya_instance_1",
      "mode": "data",
      "type": "yandex_compute_image",
      "name": "my_image",
      "provider": "provider[\"registry.terraform.io/yandex-cloud/yandex\"]",
      "instances": [
        {
          "schema_version": 0,
          "attributes": {
            "created_at": "2023-01-09T10:49:20Z",
            "description": "LEMP",
            "family": "lemp",
            "folder_id": "standard-images",
            "id": "fd8movi7o1ofl59h1uu9",
            "image_id": "fd8movi7o1ofl59h1uu9",
            "labels": {},
            "min_disk_size": 3,
            "name": "lemp-v20230109",
            "os_type": "linux",
            "pooled": true,
            "product_ids": [
              "f2e3bo50qgpojmcrjc24",
              "f2ecuahc0uu2hkanviqk"
            ],
            "size": 2,
            "status": "ready"
          },
          "sensitive_attributes": []
        }
      ]
    },
    {
      "module": "module.ya_instance_1",
      "mode": "managed",
      "type": "yandex_compute_instance",
      "name": "vm",
      "provider": "provider[\"registry.terraform.io/yandex-cloud/yandex\"]",
      "instances": [
        {
          "schema_version": 1,
          "attributes": {
            "allow_recreate": null,
            "allow_stopping_for_update": null,
            "boot_disk": [
              {
                "auto_delete": true,
                "device_name": "fhmtqnf9dc3ccrfuom3i",
                "disk_id": "fhmtqnf9dc3ccrfuom3i",
                "initialize_params": [
                  {
                    "block_size": 4096,
                    "description": "",
                    "image_id": "fd8movi7o1ofl59h1uu9",
                    "name": "",
                    "size": 3,
                    "snapshot_id": "",
                    "type": "network-hdd"
                  }
                ],
                "mode": "READ_WRITE"
              }
            ],
            "created_at": "2023-02-02T15:18:37Z",
            "description": "",
            "filesystem": [],
            "folder_id": "b1gtv6t2104oglbvpco8",
            "fqdn": "fhmjqvhioclc3vju0vs1.auto.internal",
            "hostname": "",
            "id": "fhmjqvhioclc3vju0vs1",
            "labels": null,
            "local_disk": [],
            "metadata": {
              "user-data": "#cloud-config\nusers:\n  - name: evgeny\n    groups: sudo\n    shell: /bin/bash\n    sudo: ['ALL=(ALL) NOPASSWD:ALL']\n    ssh_authorized_keys:\n      - ssh-rsa AAAAB3NzaC1yc2EAAAADAQABAAABgQDLL6rHWsQw/SBPxzWGz/IgdBYZKOrmgfJmOEpWULQmP0F8IVyJ2LTPKdZ6OJ+6l05biftcsuBLX3wn80r1mKt50s9ki9ot7HaamPG8qBiA0WWUV7xwV1+EV0KDmq3GsOEKL17gr9Mt5xs9wGMQImoi+fsU6/bONrcFZ4dk+QoGVdcINTtE7DfL1G4BQXfzOnDajTsl3UGnG16qjqap+DU6ZJbMvju8NHAchHkcx1IE1PAX5MIP9hoJbBGt8Rc6X7rBn3UC4Tz+rl3ZXhHieih5Ssl53e1K7nrqLgLcSKZs4H7qMTl5qT0F/RGHlPkM/jN4gK6o2uA22f7a8LQ0tRDNAmLSg6B6+06ysfY8dGqp30BLeMm9uTCDzV7qFmxs8k2yzfDq7V8mufdH7aZMjjBja3f6dlwl66lCl9xGGTg7G5vatPt2W254Dh9hJu2azs+Hi2qe8x9LgC5PqRV3aExJUppZmYnk7NtbuE3G+RYqHtaRmYkj3orSJijTrEBBXZk= evgeny@evgeny-VirtualBox\n"
            },
            "metadata_options": [
              {
                "aws_v1_http_endpoint": 1,
                "aws_v1_http_token": 1,
                "gce_http_endpoint": 1,
                "gce_http_token": 1
              }
            ],
            "name": "terraform-lemp",
            "network_acceleration_type": "standard",
            "network_interface": [
              {
                "dns_record": [],
                "index": 0,
                "ip_address": "192.168.15.27",
                "ipv4": true,
                "ipv6": false,
                "ipv6_address": "",
                "ipv6_dns_record": [],
                "mac_address": "d0:0d:13:d7:e3:2c",
                "nat": true,
                "nat_dns_record": [],
                "nat_ip_address": "158.160.34.235",
                "nat_ip_version": "IPV4",
                "security_group_ids": [],
                "subnet_id": "e9b9o1e5388u8dv861bm"
              }
            ],
            "placement_policy": [
              {
                "host_affinity_rules": [],
                "placement_group_id": ""
              }
            ],
            "platform_id": "standard-v1",
            "resources": [
              {
                "core_fraction": 100,
                "cores": 2,
                "gpus": 0,
                "memory": 2
              }
            ],
            "scheduling_policy": [
              {
                "preemptible": false
              }
            ],
            "secondary_disk": [],
            "service_account_id": "",
            "status": "running",
            "timeouts": null,
            "zone": "ru-central1-a"
          },
          "sensitive_attributes": [],
          "private": "eyJlMmJmYjczMC1lY2FhLTExZTYtOGY4OC0zNDM2M2JjN2M0YzAiOnsiY3JlYXRlIjozMDAwMDAwMDAwMDAsImRlbGV0ZSI6MzAwMDAwMDAwMDAwLCJ1cGRhdGUiOjMwMDAwMDAwMDAwMH0sInNjaGVtYV92ZXJzaW9uIjoiMSJ9",
          "dependencies": [
            "module.ya_instance_1.data.yandex_compute_image.my_image",
            "yandex_vpc_network.network",
            "yandex_vpc_subnet.subnet1"
          ]
        }
      ]
    },
    {
      "module": "module.ya_instance_2",
      "mode": "data",
      "type": "yandex_compute_image",
      "name": "my_image",
      "provider": "provider[\"registry.terraform.io/yandex-cloud/yandex\"]",
      "instances": [
        {
          "schema_version": 0,
          "attributes": {
            "created_at": "2023-01-30T10:48:33Z",
            "description": "LAMP",
            "family": "lamp",
            "folder_id": "standard-images",
            "id": "fd8ou010rpf8c6e98qgh",
            "image_id": "fd8ou010rpf8c6e98qgh",
            "labels": {},
            "min_disk_size": 3,
            "name": "lamp-v20230130",
            "os_type": "linux",
            "pooled": true,
            "product_ids": [
              "f2emct11p4f97tggff7k",
              "f2etegmj4t8506p76315"
            ],
            "size": 2,
            "status": "ready"
          },
          "sensitive_attributes": []
        }
      ]
    },
    {
      "module": "module.ya_instance_2",
      "mode": "managed",
      "type": "yandex_compute_instance",
      "name": "vm",
      "provider": "provider[\"registry.terraform.io/yandex-cloud/yandex\"]",
      "instances": [
        {
          "schema_version": 1,
          "attributes": {
            "allow_recreate": null,
            "allow_stopping_for_update": null,
            "boot_disk": [
              {
                "auto_delete": true,
                "device_name": "fhm551sj5eiio0h0kogo",
                "disk_id": "fhm551sj5eiio0h0kogo",
                "initialize_params": [
                  {
                    "block_size": 4096,
                    "description": "",
                    "image_id": "fd8ou010rpf8c6e98qgh",
                    "name": "",
                    "size": 3,
                    "snapshot_id": "",
                    "type": "network-hdd"
                  }
                ],
                "mode": "READ_WRITE"
              }
            ],
            "created_at": "2023-02-02T15:18:37Z",
            "description": "",
            "filesystem": [],
            "folder_id": "b1gtv6t2104oglbvpco8",
            "fqdn": "fhm8t7pdut9vk62bvm6s.auto.internal",
            "hostname": "",
            "id": "fhm8t7pdut9vk62bvm6s",
            "labels": null,
            "local_disk": [],
            "metadata": {
              "user-data": "#cloud-config\nusers:\n  - name: evgeny\n    groups: sudo\n    shell: /bin/bash\n    sudo: ['ALL=(ALL) NOPASSWD:ALL']\n    ssh_authorized_keys:\n      - ssh-rsa AAAAB3NzaC1yc2EAAAADAQABAAABgQDLL6rHWsQw/SBPxzWGz/IgdBYZKOrmgfJmOEpWULQmP0F8IVyJ2LTPKdZ6OJ+6l05biftcsuBLX3wn80r1mKt50s9ki9ot7HaamPG8qBiA0WWUV7xwV1+EV0KDmq3GsOEKL17gr9Mt5xs9wGMQImoi+fsU6/bONrcFZ4dk+QoGVdcINTtE7DfL1G4BQXfzOnDajTsl3UGnG16qjqap+DU6ZJbMvju8NHAchHkcx1IE1PAX5MIP9hoJbBGt8Rc6X7rBn3UC4Tz+rl3ZXhHieih5Ssl53e1K7nrqLgLcSKZs4H7qMTl5qT0F/RGHlPkM/jN4gK6o2uA22f7a8LQ0tRDNAmLSg6B6+06ysfY8dGqp30BLeMm9uTCDzV7qFmxs8k2yzfDq7V8mufdH7aZMjjBja3f6dlwl66lCl9xGGTg7G5vatPt2W254Dh9hJu2azs+Hi2qe8x9LgC5PqRV3aExJUppZmYnk7NtbuE3G+RYqHtaRmYkj3orSJijTrEBBXZk= evgeny@evgeny-VirtualBox\n"
            },
            "metadata_options": [
              {
                "aws_v1_http_endpoint": 1,
                "aws_v1_http_token": 1,
                "gce_http_endpoint": 1,
                "gce_http_token": 1
              }
            ],
            "name": "terraform-lamp",
            "network_acceleration_type": "standard",
            "network_interface": [
              {
                "dns_record": [],
                "index": 0,
                "ip_address": "192.168.16.15",
                "ipv4": true,
                "ipv6": false,
                "ipv6_address": "",
                "ipv6_dns_record": [],
                "mac_address": "d0:0d:8e:9f:2d:f7",
                "nat": true,
                "nat_dns_record": [],
                "nat_ip_address": "51.250.84.128",
                "nat_ip_version": "IPV4",
                "security_group_ids": [],
                "subnet_id": "e9bvj29s9lmebm1lq51j"
              }
            ],
            "placement_policy": [
              {
                "host_affinity_rules": [],
                "placement_group_id": ""
              }
            ],
            "platform_id": "standard-v1",
            "resources": [
              {
                "core_fraction": 100,
                "cores": 2,
                "gpus": 0,
                "memory": 2
              }
            ],
            "scheduling_policy": [
              {
                "preemptible": false
              }
            ],
            "secondary_disk": [],
            "service_account_id": "",
            "status": "running",
            "timeouts": null,
            "zone": "ru-central1-a"
          },
          "sensitive_attributes": [],
          "private": "eyJlMmJmYjczMC1lY2FhLTExZTYtOGY4OC0zNDM2M2JjN2M0YzAiOnsiY3JlYXRlIjozMDAwMDAwMDAwMDAsImRlbGV0ZSI6MzAwMDAwMDAwMDAwLCJ1cGRhdGUiOjMwMDAwMDAwMDAwMH0sInNjaGVtYV92ZXJzaW9uIjoiMSJ9",
          "dependencies": [
            "module.ya_instance_2.data.yandex_compute_image.my_image",
            "yandex_vpc_network.network",
            "yandex_vpc_subnet.subnet2"
          ]
        }
      ]
    }
  ],
  "check_results": null
}
